
Microsoft Visual Studio Solution File, Format Version 12.00
# Visual Studio Version 17
VisualStudioVersion = 17.5.33530.505
MinimumVisualStudioVersion = 10.0.40219.1
Project("{9A19103F-16F7-4668-BE54-9A1E7A4F7556}") = "Newsy.API", "Newsy.API\Newsy.API.csproj", "{59FB76DE-15A7-41B8-88D4-E4C75F74AE38}"
EndProject
Project("{9A19103F-16F7-4668-BE54-9A1E7A4F7556}") = "Newsy.Core", "Newsy.Core\Newsy.Core.csproj", "{A678F2ED-75D6-4F9C-9216-C65CBF6FCAC7}"
EndProject
Project("{9A19103F-16F7-4668-BE54-9A1E7A4F7556}") = "Newsy.Persistence", "Newsy.Persistence\Newsy.Persistence.csproj", "{2D351F24-F6A6-4D9A-ADAC-C45C6939F5EB}"
EndProject
Project("{9A19103F-16F7-4668-BE54-9A1E7A4F7556}") = "Newsy.Abstractions", "Newsy.Abstractions\Newsy.Abstractions.csproj", "{25089607-0543-45DE-8257-5B4B43742163}"
EndProject
Project("{FAE04EC0-301F-11D3-BF4B-00C04F79EFBC}") = "Newsy.UnitTests", "Newsy.UnitTests\Newsy.UnitTests.csproj", "{F6096912-A567-4C14-A5A7-D4AA74C5466F}"
EndProject
Global
	GlobalSection(SolutionConfigurationPlatforms) = preSolution
		Debug|Any CPU = Debug|Any CPU
		Release|Any CPU = Release|Any CPU
	EndGlobalSection
	GlobalSection(ProjectConfigurationPlatforms) = postSolution
		{59FB76DE-15A7-41B8-88D4-E4C75F74AE38}.Debug|Any CPU.ActiveCfg = Debug|Any CPU
		{59FB76DE-15A7-41B8-88D4-E4C75F74AE38}.Debug|Any CPU.Build.0 = Debug|Any CPU
		{59FB76DE-15A7-41B8-88D4-E4C75F74AE38}.Release|Any CPU.ActiveCfg = Release|Any CPU
		{59FB76DE-15A7-41B8-88D4-E4C75F74AE38}.Release|Any CPU.Build.0 = Release|Any CPU
		{A678F2ED-75D6-4F9C-9216-C65CBF6FCAC7}.Debug|Any CPU.ActiveCfg = Debug|Any CPU
		{A678F2ED-75D6-4F9C-9216-C65CBF6FCAC7}.Debug|Any CPU.Build.0 = Debug|Any CPU
		{A678F2ED-75D6-4F9C-9216-C65CBF6FCAC7}.Release|Any CPU.ActiveCfg = Release|Any CPU
		{A678F2ED-75D6-4F9C-9216-C65CBF6FCAC7}.Release|Any CPU.Build.0 = Release|Any CPU
		{2D351F24-F6A6-4D9A-ADAC-C45C6939F5EB}.Debug|Any CPU.ActiveCfg = Debug|Any CPU
		{2D351F24-F6A6-4D9A-ADAC-C45C6939F5EB}.Debug|Any CPU.Build.0 = Debug|Any CPU
		{2D351F24-F6A6-4D9A-ADAC-C45C6939F5EB}.Release|Any CPU.ActiveCfg = Release|Any CPU
		{2D351F24-F6A6-4D9A-ADAC-C45C6939F5EB}.Release|Any CPU.Build.0 = Release|Any CPU
		{25089607-0543-45DE-8257-5B4B43742163}.Debug|Any CPU.ActiveCfg = Debug|Any CPU
		{25089607-0543-45DE-8257-5B4B43742163}.Debug|Any CPU.Build.0 = Debug|Any CPU
		{25089607-0543-45DE-8257-5B4B43742163}.Release|Any CPU.ActiveCfg = Release|Any CPU
		{25089607-0543-45DE-8257-5B4B43742163}.Release|Any CPU.Build.0 = Release|Any CPU
		{F6096912-A567-4C14-A5A7-D4AA74C5466F}.Debug|Any CPU.ActiveCfg = Debug|Any CPU
		{F6096912-A567-4C14-A5A7-D4AA74C5466F}.Debug|Any CPU.Build.0 = Debug|Any CPU
		{F6096912-A567-4C14-A5A7-D4AA74C5466F}.Release|Any CPU.ActiveCfg = Release|Any CPU
		{F6096912-A567-4C14-A5A7-D4AA74C5466F}.Release|Any CPU.Build.0 = Release|Any CPU
	EndGlobalSection
	GlobalSection(SolutionProperties) = preSolution
		HideSolutionNode = FALSE
	EndGlobalSection
	GlobalSection(ExtensibilityGlobals) = postSolution
		SolutionGuid = {FF8525BE-5C2C-4530-BB04-57CEFFC81BB8}
	EndGlobalSection
EndGlobal
